// !$*UTF8*$!
{
	archiveVersion = 1;
	classes = {
	};
	objectVersion = 46;
	objects = {

/* Begin PBXBuildFile section */
		021FA745A5ECE1519563B41F /* Pods_OurVLEUITests.framework in Frameworks */ = {isa = PBXBuildFile; fileRef = 86E97009C306F3946FA1D628 /* Pods_OurVLEUITests.framework */; };
		51CE9CCC85D38C02217D8FF2 /* Pods_OurVLETests.framework in Frameworks */ = {isa = PBXBuildFile; fileRef = 138FF9BA656C5B052473085E /* Pods_OurVLETests.framework */; };
		8A086F0A1D61AC6700364BD0 /* CourseResourcesTableViewController.swift in Sources */ = {isa = PBXBuildFile; fileRef = 8A086F091D61AC6700364BD0 /* CourseResourcesTableViewController.swift */; };
		8A086F101D61ADC300364BD0 /* ForumDiscussionTableViewController.swift in Sources */ = {isa = PBXBuildFile; fileRef = 8A086F0F1D61ADC300364BD0 /* ForumDiscussionTableViewController.swift */; };
		8A0DDA5A1D4D9F5E00ECDD76 /* AppDelegate.swift in Sources */ = {isa = PBXBuildFile; fileRef = 8A0DDA591D4D9F5E00ECDD76 /* AppDelegate.swift */; };
		8A0DDA5C1D4D9F5E00ECDD76 /* LoginViewController.swift in Sources */ = {isa = PBXBuildFile; fileRef = 8A0DDA5B1D4D9F5E00ECDD76 /* LoginViewController.swift */; };
		8A0DDA5F1D4D9F5E00ECDD76 /* Main.storyboard in Resources */ = {isa = PBXBuildFile; fileRef = 8A0DDA5D1D4D9F5E00ECDD76 /* Main.storyboard */; };
		8A0DDA621D4D9F5E00ECDD76 /* OurVLE.xcdatamodeld in Sources */ = {isa = PBXBuildFile; fileRef = 8A0DDA601D4D9F5E00ECDD76 /* OurVLE.xcdatamodeld */; };
		8A0DDA641D4D9F5E00ECDD76 /* Assets.xcassets in Resources */ = {isa = PBXBuildFile; fileRef = 8A0DDA631D4D9F5E00ECDD76 /* Assets.xcassets */; };
		8A0DDA671D4D9F5E00ECDD76 /* LaunchScreen.storyboard in Resources */ = {isa = PBXBuildFile; fileRef = 8A0DDA651D4D9F5E00ECDD76 /* LaunchScreen.storyboard */; };
		8A0DDA721D4D9F5E00ECDD76 /* OurVLETests.swift in Sources */ = {isa = PBXBuildFile; fileRef = 8A0DDA711D4D9F5E00ECDD76 /* OurVLETests.swift */; };
		8A0DDA7D1D4D9F5E00ECDD76 /* OurVLEUITests.swift in Sources */ = {isa = PBXBuildFile; fileRef = 8A0DDA7C1D4D9F5E00ECDD76 /* OurVLEUITests.swift */; };
		8A2F61C11D52A4B400FDDD47 /* CourseViewController.swift in Sources */ = {isa = PBXBuildFile; fileRef = 8A2F61C01D52A4B400FDDD47 /* CourseViewController.swift */; };
		8A2F61C41D52A58B00FDDD47 /* ForumViewController.swift in Sources */ = {isa = PBXBuildFile; fileRef = 8A2F61C31D52A58B00FDDD47 /* ForumViewController.swift */; };
		8A2F61C61D52A5AF00FDDD47 /* ProfileViewController.swift in Sources */ = {isa = PBXBuildFile; fileRef = 8A2F61C51D52A5AF00FDDD47 /* ProfileViewController.swift */; };
		8A2F61C81D52FF4500FDDD47 /* CourseTableViewCell.swift in Sources */ = {isa = PBXBuildFile; fileRef = 8A2F61C71D52FF4500FDDD47 /* CourseTableViewCell.swift */; };
		8A2F61CD1D5305E500FDDD47 /* ForumTableViewCell.swift in Sources */ = {isa = PBXBuildFile; fileRef = 8A2F61CC1D5305E500FDDD47 /* ForumTableViewCell.swift */; };
		8A2F61CF1D5305FE00FDDD47 /* ProfileTableViewCell.swift in Sources */ = {isa = PBXBuildFile; fileRef = 8A2F61CE1D5305FE00FDDD47 /* ProfileTableViewCell.swift */; };
		8A2F61D31D53123B00FDDD47 /* Models.swift in Sources */ = {isa = PBXBuildFile; fileRef = 8A2F61D21D53123B00FDDD47 /* Models.swift */; };
		8A81CDCE1D532D7300D358E1 /* Podfile in Resources */ = {isa = PBXBuildFile; fileRef = 8A81CDCD1D532D7300D358E1 /* Podfile */; };
		8A8B5C321D6CA7E400D581DF /* APIConstants.swift in Sources */ = {isa = PBXBuildFile; fileRef = 8A8B5C311D6CA7E400D581DF /* APIConstants.swift */; };
		8A8B5C341D702DAD00D581DF /* Helpers.swift in Sources */ = {isa = PBXBuildFile; fileRef = 8A8B5C331D702DAD00D581DF /* Helpers.swift */; };
		8AC09BF31D4DE44000C33585 /* UITextFieldExtension.swift in Sources */ = {isa = PBXBuildFile; fileRef = 8AC09BF21D4DE44000C33585 /* UITextFieldExtension.swift */; };
		8AFFB6D51D64DEAC009BCD9C /* DiscussionPostTableViewController.swift in Sources */ = {isa = PBXBuildFile; fileRef = 8AFFB6D41D64DEAC009BCD9C /* DiscussionPostTableViewController.swift */; };
		8AFFB6D71D64DF19009BCD9C /* DiscussionPostTableViewCell.swift in Sources */ = {isa = PBXBuildFile; fileRef = 8AFFB6D61D64DF19009BCD9C /* DiscussionPostTableViewCell.swift */; };
		A03BA5CCB6109B9BC441AB5B /* Pods_OurVLE.framework in Frameworks */ = {isa = PBXBuildFile; fileRef = 59FDE55762E4B092BB2444B9 /* Pods_OurVLE.framework */; };
/* End PBXBuildFile section */

/* Begin PBXContainerItemProxy section */
		8A0DDA6E1D4D9F5E00ECDD76 /* PBXContainerItemProxy */ = {
			isa = PBXContainerItemProxy;
			containerPortal = 8A0DDA4E1D4D9F5D00ECDD76 /* Project object */;
			proxyType = 1;
			remoteGlobalIDString = 8A0DDA551D4D9F5D00ECDD76;
			remoteInfo = OurVLE;
		};
		8A0DDA791D4D9F5E00ECDD76 /* PBXContainerItemProxy */ = {
			isa = PBXContainerItemProxy;
			containerPortal = 8A0DDA4E1D4D9F5D00ECDD76 /* Project object */;
			proxyType = 1;
			remoteGlobalIDString = 8A0DDA551D4D9F5D00ECDD76;
			remoteInfo = OurVLE;
		};
/* End PBXContainerItemProxy section */

/* Begin PBXFileReference section */
		138FF9BA656C5B052473085E /* Pods_OurVLETests.framework */ = {isa = PBXFileReference; explicitFileType = wrapper.framework; includeInIndex = 0; path = Pods_OurVLETests.framework; sourceTree = BUILT_PRODUCTS_DIR; };
		4E3693A34804B0EC741E63C6 /* Pods-OurVLEUITests.debug.xcconfig */ = {isa = PBXFileReference; includeInIndex = 1; lastKnownFileType = text.xcconfig; name = "Pods-OurVLEUITests.debug.xcconfig"; path = "Pods/Target Support Files/Pods-OurVLEUITests/Pods-OurVLEUITests.debug.xcconfig"; sourceTree = "<group>"; };
		59FDE55762E4B092BB2444B9 /* Pods_OurVLE.framework */ = {isa = PBXFileReference; explicitFileType = wrapper.framework; includeInIndex = 0; path = Pods_OurVLE.framework; sourceTree = BUILT_PRODUCTS_DIR; };
		64E664A03FA25E5195394B17 /* Pods-OurVLETests.debug.xcconfig */ = {isa = PBXFileReference; includeInIndex = 1; lastKnownFileType = text.xcconfig; name = "Pods-OurVLETests.debug.xcconfig"; path = "Pods/Target Support Files/Pods-OurVLETests/Pods-OurVLETests.debug.xcconfig"; sourceTree = "<group>"; };
		86E97009C306F3946FA1D628 /* Pods_OurVLEUITests.framework */ = {isa = PBXFileReference; explicitFileType = wrapper.framework; includeInIndex = 0; path = Pods_OurVLEUITests.framework; sourceTree = BUILT_PRODUCTS_DIR; };
		8A086F091D61AC6700364BD0 /* CourseResourcesTableViewController.swift */ = {isa = PBXFileReference; fileEncoding = 4; lastKnownFileType = sourcecode.swift; path = CourseResourcesTableViewController.swift; sourceTree = "<group>"; };
		8A086F0F1D61ADC300364BD0 /* ForumDiscussionTableViewController.swift */ = {isa = PBXFileReference; fileEncoding = 4; lastKnownFileType = sourcecode.swift; path = ForumDiscussionTableViewController.swift; sourceTree = "<group>"; };
		8A0DDA561D4D9F5E00ECDD76 /* OurVLE.app */ = {isa = PBXFileReference; explicitFileType = wrapper.application; includeInIndex = 0; path = OurVLE.app; sourceTree = BUILT_PRODUCTS_DIR; };
		8A0DDA591D4D9F5E00ECDD76 /* AppDelegate.swift */ = {isa = PBXFileReference; lastKnownFileType = sourcecode.swift; path = AppDelegate.swift; sourceTree = "<group>"; };
		8A0DDA5B1D4D9F5E00ECDD76 /* LoginViewController.swift */ = {isa = PBXFileReference; lastKnownFileType = sourcecode.swift; path = LoginViewController.swift; sourceTree = "<group>"; };
		8A0DDA5E1D4D9F5E00ECDD76 /* Base */ = {isa = PBXFileReference; lastKnownFileType = file.storyboard; name = Base; path = Base.lproj/Main.storyboard; sourceTree = "<group>"; };
		8A0DDA611D4D9F5E00ECDD76 /* OurVLE.xcdatamodel */ = {isa = PBXFileReference; lastKnownFileType = wrapper.xcdatamodel; path = OurVLE.xcdatamodel; sourceTree = "<group>"; };
		8A0DDA631D4D9F5E00ECDD76 /* Assets.xcassets */ = {isa = PBXFileReference; lastKnownFileType = folder.assetcatalog; path = Assets.xcassets; sourceTree = "<group>"; };
		8A0DDA661D4D9F5E00ECDD76 /* Base */ = {isa = PBXFileReference; lastKnownFileType = file.storyboard; name = Base; path = Base.lproj/LaunchScreen.storyboard; sourceTree = "<group>"; };
		8A0DDA681D4D9F5E00ECDD76 /* Info.plist */ = {isa = PBXFileReference; lastKnownFileType = text.plist.xml; path = Info.plist; sourceTree = "<group>"; };
		8A0DDA6D1D4D9F5E00ECDD76 /* OurVLETests.xctest */ = {isa = PBXFileReference; explicitFileType = wrapper.cfbundle; includeInIndex = 0; path = OurVLETests.xctest; sourceTree = BUILT_PRODUCTS_DIR; };
		8A0DDA711D4D9F5E00ECDD76 /* OurVLETests.swift */ = {isa = PBXFileReference; lastKnownFileType = sourcecode.swift; path = OurVLETests.swift; sourceTree = "<group>"; };
		8A0DDA731D4D9F5E00ECDD76 /* Info.plist */ = {isa = PBXFileReference; lastKnownFileType = text.plist.xml; path = Info.plist; sourceTree = "<group>"; };
		8A0DDA781D4D9F5E00ECDD76 /* OurVLEUITests.xctest */ = {isa = PBXFileReference; explicitFileType = wrapper.cfbundle; includeInIndex = 0; path = OurVLEUITests.xctest; sourceTree = BUILT_PRODUCTS_DIR; };
		8A0DDA7C1D4D9F5E00ECDD76 /* OurVLEUITests.swift */ = {isa = PBXFileReference; lastKnownFileType = sourcecode.swift; path = OurVLEUITests.swift; sourceTree = "<group>"; };
		8A0DDA7E1D4D9F5E00ECDD76 /* Info.plist */ = {isa = PBXFileReference; lastKnownFileType = text.plist.xml; path = Info.plist; sourceTree = "<group>"; };
		8A2F61C01D52A4B400FDDD47 /* CourseViewController.swift */ = {isa = PBXFileReference; fileEncoding = 4; lastKnownFileType = sourcecode.swift; path = CourseViewController.swift; sourceTree = "<group>"; };
		8A2F61C31D52A58B00FDDD47 /* ForumViewController.swift */ = {isa = PBXFileReference; fileEncoding = 4; lastKnownFileType = sourcecode.swift; path = ForumViewController.swift; sourceTree = "<group>"; };
		8A2F61C51D52A5AF00FDDD47 /* ProfileViewController.swift */ = {isa = PBXFileReference; fileEncoding = 4; lastKnownFileType = sourcecode.swift; path = ProfileViewController.swift; sourceTree = "<group>"; };
		8A2F61C71D52FF4500FDDD47 /* CourseTableViewCell.swift */ = {isa = PBXFileReference; fileEncoding = 4; lastKnownFileType = sourcecode.swift; path = CourseTableViewCell.swift; sourceTree = "<group>"; };
		8A2F61CC1D5305E500FDDD47 /* ForumTableViewCell.swift */ = {isa = PBXFileReference; fileEncoding = 4; lastKnownFileType = sourcecode.swift; path = ForumTableViewCell.swift; sourceTree = "<group>"; };
		8A2F61CE1D5305FE00FDDD47 /* ProfileTableViewCell.swift */ = {isa = PBXFileReference; fileEncoding = 4; lastKnownFileType = sourcecode.swift; path = ProfileTableViewCell.swift; sourceTree = "<group>"; };
		8A2F61D21D53123B00FDDD47 /* Models.swift */ = {isa = PBXFileReference; fileEncoding = 4; lastKnownFileType = sourcecode.swift; path = Models.swift; sourceTree = "<group>"; };
		8A81CDCD1D532D7300D358E1 /* Podfile */ = {isa = PBXFileReference; fileEncoding = 4; lastKnownFileType = text; path = Podfile; sourceTree = "<group>"; xcLanguageSpecificationIdentifier = xcode.lang.ruby; };
		8A8B5C311D6CA7E400D581DF /* APIConstants.swift */ = {isa = PBXFileReference; fileEncoding = 4; lastKnownFileType = sourcecode.swift; path = APIConstants.swift; sourceTree = "<group>"; };
		8A8B5C331D702DAD00D581DF /* Helpers.swift */ = {isa = PBXFileReference; fileEncoding = 4; lastKnownFileType = sourcecode.swift; path = Helpers.swift; sourceTree = "<group>"; };
		8AC09BF21D4DE44000C33585 /* UITextFieldExtension.swift */ = {isa = PBXFileReference; fileEncoding = 4; lastKnownFileType = sourcecode.swift; path = UITextFieldExtension.swift; sourceTree = "<group>"; };
		8AFFB6D41D64DEAC009BCD9C /* DiscussionPostTableViewController.swift */ = {isa = PBXFileReference; fileEncoding = 4; lastKnownFileType = sourcecode.swift; path = DiscussionPostTableViewController.swift; sourceTree = "<group>"; };
		8AFFB6D61D64DF19009BCD9C /* DiscussionPostTableViewCell.swift */ = {isa = PBXFileReference; fileEncoding = 4; lastKnownFileType = sourcecode.swift; path = DiscussionPostTableViewCell.swift; sourceTree = "<group>"; };
		94C44487E5DB1EBD42CCA5F6 /* Pods-OurVLE.release.xcconfig */ = {isa = PBXFileReference; includeInIndex = 1; lastKnownFileType = text.xcconfig; name = "Pods-OurVLE.release.xcconfig"; path = "Pods/Target Support Files/Pods-OurVLE/Pods-OurVLE.release.xcconfig"; sourceTree = "<group>"; };
		9DE1F035584812A900880F0C /* Pods-OurVLETests.release.xcconfig */ = {isa = PBXFileReference; includeInIndex = 1; lastKnownFileType = text.xcconfig; name = "Pods-OurVLETests.release.xcconfig"; path = "Pods/Target Support Files/Pods-OurVLETests/Pods-OurVLETests.release.xcconfig"; sourceTree = "<group>"; };
		B4432F340BB63F4447F6BCAF /* Pods-OurVLE.debug.xcconfig */ = {isa = PBXFileReference; includeInIndex = 1; lastKnownFileType = text.xcconfig; name = "Pods-OurVLE.debug.xcconfig"; path = "Pods/Target Support Files/Pods-OurVLE/Pods-OurVLE.debug.xcconfig"; sourceTree = "<group>"; };
		CED6D9DA7CDC3FA4F82CFCDF /* Pods-OurVLEUITests.release.xcconfig */ = {isa = PBXFileReference; includeInIndex = 1; lastKnownFileType = text.xcconfig; name = "Pods-OurVLEUITests.release.xcconfig"; path = "Pods/Target Support Files/Pods-OurVLEUITests/Pods-OurVLEUITests.release.xcconfig"; sourceTree = "<group>"; };
/* End PBXFileReference section */

/* Begin PBXFrameworksBuildPhase section */
		8A0DDA531D4D9F5D00ECDD76 /* Frameworks */ = {
			isa = PBXFrameworksBuildPhase;
			buildActionMask = 2147483647;
			files = (
				A03BA5CCB6109B9BC441AB5B /* Pods_OurVLE.framework in Frameworks */,
			);
			runOnlyForDeploymentPostprocessing = 0;
		};
		8A0DDA6A1D4D9F5E00ECDD76 /* Frameworks */ = {
			isa = PBXFrameworksBuildPhase;
			buildActionMask = 2147483647;
			files = (
				51CE9CCC85D38C02217D8FF2 /* Pods_OurVLETests.framework in Frameworks */,
			);
			runOnlyForDeploymentPostprocessing = 0;
		};
		8A0DDA751D4D9F5E00ECDD76 /* Frameworks */ = {
			isa = PBXFrameworksBuildPhase;
			buildActionMask = 2147483647;
			files = (
				021FA745A5ECE1519563B41F /* Pods_OurVLEUITests.framework in Frameworks */,
			);
			runOnlyForDeploymentPostprocessing = 0;
		};
/* End PBXFrameworksBuildPhase section */

/* Begin PBXGroup section */
		415157236A013BD5507CB898 /* Frameworks */ = {
			isa = PBXGroup;
			children = (
				59FDE55762E4B092BB2444B9 /* Pods_OurVLE.framework */,
				138FF9BA656C5B052473085E /* Pods_OurVLETests.framework */,
				86E97009C306F3946FA1D628 /* Pods_OurVLEUITests.framework */,
			);
			name = Frameworks;
			sourceTree = "<group>";
		};
		8A0DDA4D1D4D9F5D00ECDD76 = {
			isa = PBXGroup;
			children = (
				8A81CDCD1D532D7300D358E1 /* Podfile */,
				8A0DDA581D4D9F5E00ECDD76 /* OurVLE */,
				8A0DDA701D4D9F5E00ECDD76 /* OurVLETests */,
				8A0DDA7B1D4D9F5E00ECDD76 /* OurVLEUITests */,
				8A0DDA571D4D9F5E00ECDD76 /* Products */,
				CFBBB68CE20DC9D3E164F1AA /* Pods */,
				415157236A013BD5507CB898 /* Frameworks */,
			);
			sourceTree = "<group>";
		};
		8A0DDA571D4D9F5E00ECDD76 /* Products */ = {
			isa = PBXGroup;
			children = (
				8A0DDA561D4D9F5E00ECDD76 /* OurVLE.app */,
				8A0DDA6D1D4D9F5E00ECDD76 /* OurVLETests.xctest */,
				8A0DDA781D4D9F5E00ECDD76 /* OurVLEUITests.xctest */,
			);
			name = Products;
			sourceTree = "<group>";
		};
		8A0DDA581D4D9F5E00ECDD76 /* OurVLE */ = {
			isa = PBXGroup;
			children = (
				8A2F61CB1D52FFB400FDDD47 /* Profile */,
				8A2F61CA1D52FFAE00FDDD47 /* Forums */,
				8A2F61C91D52FFA400FDDD47 /* Course */,
				8A2F61C21D52A51F00FDDD47 /* Login */,
				8A2F61D21D53123B00FDDD47 /* Models.swift */,
				8A8B5C311D6CA7E400D581DF /* APIConstants.swift */,
				8A8B5C331D702DAD00D581DF /* Helpers.swift */,
				8A0DDA591D4D9F5E00ECDD76 /* AppDelegate.swift */,
				8AC09BF21D4DE44000C33585 /* UITextFieldExtension.swift */,
				8A0DDA5D1D4D9F5E00ECDD76 /* Main.storyboard */,
				8A0DDA631D4D9F5E00ECDD76 /* Assets.xcassets */,
				8A0DDA651D4D9F5E00ECDD76 /* LaunchScreen.storyboard */,
				8A0DDA681D4D9F5E00ECDD76 /* Info.plist */,
				8A0DDA601D4D9F5E00ECDD76 /* OurVLE.xcdatamodeld */,
			);
			path = OurVLE;
			sourceTree = "<group>";
		};
		8A0DDA701D4D9F5E00ECDD76 /* OurVLETests */ = {
			isa = PBXGroup;
			children = (
				8A0DDA711D4D9F5E00ECDD76 /* OurVLETests.swift */,
				8A0DDA731D4D9F5E00ECDD76 /* Info.plist */,
			);
			path = OurVLETests;
			sourceTree = "<group>";
		};
		8A0DDA7B1D4D9F5E00ECDD76 /* OurVLEUITests */ = {
			isa = PBXGroup;
			children = (
				8A0DDA7C1D4D9F5E00ECDD76 /* OurVLEUITests.swift */,
				8A0DDA7E1D4D9F5E00ECDD76 /* Info.plist */,
			);
			path = OurVLEUITests;
			sourceTree = "<group>";
		};
		8A2F61C21D52A51F00FDDD47 /* Login */ = {
			isa = PBXGroup;
			children = (
				8A0DDA5B1D4D9F5E00ECDD76 /* LoginViewController.swift */,
			);
			name = Login;
			sourceTree = "<group>";
		};
		8A2F61C91D52FFA400FDDD47 /* Course */ = {
			isa = PBXGroup;
			children = (
				8A2F61C01D52A4B400FDDD47 /* CourseViewController.swift */,
				8A2F61C71D52FF4500FDDD47 /* CourseTableViewCell.swift */,
				8A086F091D61AC6700364BD0 /* CourseResourcesTableViewController.swift */,
			);
			name = Course;
			sourceTree = "<group>";
		};
		8A2F61CA1D52FFAE00FDDD47 /* Forums */ = {
			isa = PBXGroup;
			children = (
				8A2F61C31D52A58B00FDDD47 /* ForumViewController.swift */,
				8A2F61CC1D5305E500FDDD47 /* ForumTableViewCell.swift */,
				8A086F0F1D61ADC300364BD0 /* ForumDiscussionTableViewController.swift */,
				8AFFB6D41D64DEAC009BCD9C /* DiscussionPostTableViewController.swift */,
				8AFFB6D61D64DF19009BCD9C /* DiscussionPostTableViewCell.swift */,
			);
			name = Forums;
			sourceTree = "<group>";
		};
		8A2F61CB1D52FFB400FDDD47 /* Profile */ = {
			isa = PBXGroup;
			children = (
				8A2F61C51D52A5AF00FDDD47 /* ProfileViewController.swift */,
				8A2F61CE1D5305FE00FDDD47 /* ProfileTableViewCell.swift */,
			);
			name = Profile;
			sourceTree = "<group>";
		};
		CFBBB68CE20DC9D3E164F1AA /* Pods */ = {
			isa = PBXGroup;
			children = (
				B4432F340BB63F4447F6BCAF /* Pods-OurVLE.debug.xcconfig */,
				94C44487E5DB1EBD42CCA5F6 /* Pods-OurVLE.release.xcconfig */,
				64E664A03FA25E5195394B17 /* Pods-OurVLETests.debug.xcconfig */,
				9DE1F035584812A900880F0C /* Pods-OurVLETests.release.xcconfig */,
				4E3693A34804B0EC741E63C6 /* Pods-OurVLEUITests.debug.xcconfig */,
				CED6D9DA7CDC3FA4F82CFCDF /* Pods-OurVLEUITests.release.xcconfig */,
			);
			name = Pods;
			sourceTree = "<group>";
		};
/* End PBXGroup section */

/* Begin PBXNativeTarget section */
		8A0DDA551D4D9F5D00ECDD76 /* OurVLE */ = {
			isa = PBXNativeTarget;
			buildConfigurationList = 8A0DDA811D4D9F5E00ECDD76 /* Build configuration list for PBXNativeTarget "OurVLE" */;
			buildPhases = (
				558921C22B944E044016DFB2 /* [CP] Check Pods Manifest.lock */,
				8A0DDA521D4D9F5D00ECDD76 /* Sources */,
				8A0DDA531D4D9F5D00ECDD76 /* Frameworks */,
				8A0DDA541D4D9F5D00ECDD76 /* Resources */,
				60A66C5EE0184DEB2CD4ACFB /* [CP] Embed Pods Frameworks */,
				3F9572BF2196BE32D112477E /* [CP] Copy Pods Resources */,
			);
			buildRules = (
			);
			dependencies = (
			);
			name = OurVLE;
			productName = OurVLE;
			productReference = 8A0DDA561D4D9F5E00ECDD76 /* OurVLE.app */;
			productType = "com.apple.product-type.application";
		};
		8A0DDA6C1D4D9F5E00ECDD76 /* OurVLETests */ = {
			isa = PBXNativeTarget;
			buildConfigurationList = 8A0DDA841D4D9F5E00ECDD76 /* Build configuration list for PBXNativeTarget "OurVLETests" */;
			buildPhases = (
				353523AE516FCEC99BFAA6A1 /* [CP] Check Pods Manifest.lock */,
				8A0DDA691D4D9F5E00ECDD76 /* Sources */,
				8A0DDA6A1D4D9F5E00ECDD76 /* Frameworks */,
				8A0DDA6B1D4D9F5E00ECDD76 /* Resources */,
				2DD1D66D2525C06B14EDE814 /* [CP] Embed Pods Frameworks */,
				8A8E0E0EE649491AF0C660B3 /* [CP] Copy Pods Resources */,
			);
			buildRules = (
			);
			dependencies = (
				8A0DDA6F1D4D9F5E00ECDD76 /* PBXTargetDependency */,
			);
			name = OurVLETests;
			productName = OurVLETests;
			productReference = 8A0DDA6D1D4D9F5E00ECDD76 /* OurVLETests.xctest */;
			productType = "com.apple.product-type.bundle.unit-test";
		};
		8A0DDA771D4D9F5E00ECDD76 /* OurVLEUITests */ = {
			isa = PBXNativeTarget;
			buildConfigurationList = 8A0DDA871D4D9F5E00ECDD76 /* Build configuration list for PBXNativeTarget "OurVLEUITests" */;
			buildPhases = (
				59B72D6C292E55BB8C40948D /* [CP] Check Pods Manifest.lock */,
				8A0DDA741D4D9F5E00ECDD76 /* Sources */,
				8A0DDA751D4D9F5E00ECDD76 /* Frameworks */,
				8A0DDA761D4D9F5E00ECDD76 /* Resources */,
				1068A0989127FCB0D3A0952B /* [CP] Copy Pods Resources */,
			);
			buildRules = (
			);
			dependencies = (
				8A0DDA7A1D4D9F5E00ECDD76 /* PBXTargetDependency */,
			);
			name = OurVLEUITests;
			productName = OurVLEUITests;
			productReference = 8A0DDA781D4D9F5E00ECDD76 /* OurVLEUITests.xctest */;
			productType = "com.apple.product-type.bundle.ui-testing";
		};
/* End PBXNativeTarget section */

/* Begin PBXProject section */
		8A0DDA4E1D4D9F5D00ECDD76 /* Project object */ = {
			isa = PBXProject;
			attributes = {
				LastSwiftUpdateCheck = 0730;
				LastUpgradeCheck = 0730;
				ORGANIZATIONNAME = "Javon Davis";
				TargetAttributes = {
					8A0DDA551D4D9F5D00ECDD76 = {
						CreatedOnToolsVersion = 7.3.1;
						DevelopmentTeam = W52FYE629M;
					};
					8A0DDA6C1D4D9F5E00ECDD76 = {
						CreatedOnToolsVersion = 7.3.1;
						TestTargetID = 8A0DDA551D4D9F5D00ECDD76;
					};
					8A0DDA771D4D9F5E00ECDD76 = {
						CreatedOnToolsVersion = 7.3.1;
						TestTargetID = 8A0DDA551D4D9F5D00ECDD76;
					};
				};
			};
			buildConfigurationList = 8A0DDA511D4D9F5D00ECDD76 /* Build configuration list for PBXProject "OurVLE" */;
			compatibilityVersion = "Xcode 3.2";
			developmentRegion = English;
			hasScannedForEncodings = 0;
			knownRegions = (
				en,
				Base,
			);
			mainGroup = 8A0DDA4D1D4D9F5D00ECDD76;
			productRefGroup = 8A0DDA571D4D9F5E00ECDD76 /* Products */;
			projectDirPath = "";
			projectRoot = "";
			targets = (
				8A0DDA551D4D9F5D00ECDD76 /* OurVLE */,
				8A0DDA6C1D4D9F5E00ECDD76 /* OurVLETests */,
				8A0DDA771D4D9F5E00ECDD76 /* OurVLEUITests */,
			);
		};
/* End PBXProject section */

/* Begin PBXResourcesBuildPhase section */
		8A0DDA541D4D9F5D00ECDD76 /* Resources */ = {
			isa = PBXResourcesBuildPhase;
			buildActionMask = 2147483647;
			files = (
				8A0DDA671D4D9F5E00ECDD76 /* LaunchScreen.storyboard in Resources */,
				8A0DDA641D4D9F5E00ECDD76 /* Assets.xcassets in Resources */,
				8A81CDCE1D532D7300D358E1 /* Podfile in Resources */,
				8A0DDA5F1D4D9F5E00ECDD76 /* Main.storyboard in Resources */,
			);
			runOnlyForDeploymentPostprocessing = 0;
		};
		8A0DDA6B1D4D9F5E00ECDD76 /* Resources */ = {
			isa = PBXResourcesBuildPhase;
			buildActionMask = 2147483647;
			files = (
			);
			runOnlyForDeploymentPostprocessing = 0;
		};
		8A0DDA761D4D9F5E00ECDD76 /* Resources */ = {
			isa = PBXResourcesBuildPhase;
			buildActionMask = 2147483647;
			files = (
			);
			runOnlyForDeploymentPostprocessing = 0;
		};
/* End PBXResourcesBuildPhase section */

/* Begin PBXShellScriptBuildPhase section */
		1068A0989127FCB0D3A0952B /* [CP] Copy Pods Resources */ = {
			isa = PBXShellScriptBuildPhase;
			buildActionMask = 2147483647;
			files = (
			);
			inputPaths = (
			);
			name = "[CP] Copy Pods Resources";
			outputPaths = (
			);
			runOnlyForDeploymentPostprocessing = 0;
			shellPath = /bin/sh;
			shellScript = "\"${SRCROOT}/Pods/Target Support Files/Pods-OurVLEUITests/Pods-OurVLEUITests-resources.sh\"\n";
			showEnvVarsInLog = 0;
		};
		2DD1D66D2525C06B14EDE814 /* [CP] Embed Pods Frameworks */ = {
			isa = PBXShellScriptBuildPhase;
			buildActionMask = 2147483647;
			files = (
			);
			inputPaths = (
			);
			name = "[CP] Embed Pods Frameworks";
			outputPaths = (
			);
			runOnlyForDeploymentPostprocessing = 0;
			shellPath = /bin/sh;
			shellScript = "\"${SRCROOT}/Pods/Target Support Files/Pods-OurVLETests/Pods-OurVLETests-frameworks.sh\"\n";
			showEnvVarsInLog = 0;
		};
		353523AE516FCEC99BFAA6A1 /* [CP] Check Pods Manifest.lock */ = {
			isa = PBXShellScriptBuildPhase;
			buildActionMask = 2147483647;
			files = (
			);
			inputPaths = (
			);
			name = "[CP] Check Pods Manifest.lock";
			outputPaths = (
			);
			runOnlyForDeploymentPostprocessing = 0;
			shellPath = /bin/sh;
			shellScript = "diff \"${PODS_ROOT}/../Podfile.lock\" \"${PODS_ROOT}/Manifest.lock\" > /dev/null\nif [[ $? != 0 ]] ; then\n    cat << EOM\nerror: The sandbox is not in sync with the Podfile.lock. Run 'pod install' or update your CocoaPods installation.\nEOM\n    exit 1\nfi\n";
			showEnvVarsInLog = 0;
		};
		3F9572BF2196BE32D112477E /* [CP] Copy Pods Resources */ = {
			isa = PBXShellScriptBuildPhase;
			buildActionMask = 2147483647;
			files = (
			);
			inputPaths = (
			);
			name = "[CP] Copy Pods Resources";
			outputPaths = (
			);
			runOnlyForDeploymentPostprocessing = 0;
			shellPath = /bin/sh;
			shellScript = "\"${SRCROOT}/Pods/Target Support Files/Pods-OurVLE/Pods-OurVLE-resources.sh\"\n";
			showEnvVarsInLog = 0;
		};
		558921C22B944E044016DFB2 /* [CP] Check Pods Manifest.lock */ = {
			isa = PBXShellScriptBuildPhase;
			buildActionMask = 2147483647;
			files = (
			);
			inputPaths = (
			);
			name = "[CP] Check Pods Manifest.lock";
			outputPaths = (
			);
			runOnlyForDeploymentPostprocessing = 0;
			shellPath = /bin/sh;
			shellScript = "diff \"${PODS_ROOT}/../Podfile.lock\" \"${PODS_ROOT}/Manifest.lock\" > /dev/null\nif [[ $? != 0 ]] ; then\n    cat << EOM\nerror: The sandbox is not in sync with the Podfile.lock. Run 'pod install' or update your CocoaPods installation.\nEOM\n    exit 1\nfi\n";
			showEnvVarsInLog = 0;
		};
		59B72D6C292E55BB8C40948D /* [CP] Check Pods Manifest.lock */ = {
			isa = PBXShellScriptBuildPhase;
			buildActionMask = 2147483647;
			files = (
			);
			inputPaths = (
			);
			name = "[CP] Check Pods Manifest.lock";
			outputPaths = (
			);
			runOnlyForDeploymentPostprocessing = 0;
			shellPath = /bin/sh;
			shellScript = "diff \"${PODS_ROOT}/../Podfile.lock\" \"${PODS_ROOT}/Manifest.lock\" > /dev/null\nif [[ $? != 0 ]] ; then\n    cat << EOM\nerror: The sandbox is not in sync with the Podfile.lock. Run 'pod install' or update your CocoaPods installation.\nEOM\n    exit 1\nfi\n";
			showEnvVarsInLog = 0;
		};
		60A66C5EE0184DEB2CD4ACFB /* [CP] Embed Pods Frameworks */ = {
			isa = PBXShellScriptBuildPhase;
			buildActionMask = 2147483647;
			files = (
			);
			inputPaths = (
			);
			name = "[CP] Embed Pods Frameworks";
			outputPaths = (
			);
			runOnlyForDeploymentPostprocessing = 0;
			shellPath = /bin/sh;
			shellScript = "\"${SRCROOT}/Pods/Target Support Files/Pods-OurVLE/Pods-OurVLE-frameworks.sh\"\n";
			showEnvVarsInLog = 0;
		};
		8A8E0E0EE649491AF0C660B3 /* [CP] Copy Pods Resources */ = {
			isa = PBXShellScriptBuildPhase;
			buildActionMask = 2147483647;
			files = (
			);
			inputPaths = (
			);
			name = "[CP] Copy Pods Resources";
			outputPaths = (
			);
			runOnlyForDeploymentPostprocessing = 0;
			shellPath = /bin/sh;
			shellScript = "\"${SRCROOT}/Pods/Target Support Files/Pods-OurVLETests/Pods-OurVLETests-resources.sh\"\n";
			showEnvVarsInLog = 0;
		};
/* End PBXShellScriptBuildPhase section */

/* Begin PBXSourcesBuildPhase section */
		8A0DDA521D4D9F5D00ECDD76 /* Sources */ = {
			isa = PBXSourcesBuildPhase;
			buildActionMask = 2147483647;
			files = (
				8A086F0A1D61AC6700364BD0 /* CourseResourcesTableViewController.swift in Sources */,
				8A086F101D61ADC300364BD0 /* ForumDiscussionTableViewController.swift in Sources */,
				8A8B5C321D6CA7E400D581DF /* APIConstants.swift in Sources */,
				8A2F61D31D53123B00FDDD47 /* Models.swift in Sources */,
				8A2F61CD1D5305E500FDDD47 /* ForumTableViewCell.swift in Sources */,
				8AFFB6D51D64DEAC009BCD9C /* DiscussionPostTableViewController.swift in Sources */,
				8A2F61C81D52FF4500FDDD47 /* CourseTableViewCell.swift in Sources */,
				8A0DDA621D4D9F5E00ECDD76 /* OurVLE.xcdatamodeld in Sources */,
				8A2F61CF1D5305FE00FDDD47 /* ProfileTableViewCell.swift in Sources */,
				8AC09BF31D4DE44000C33585 /* UITextFieldExtension.swift in Sources */,
				8A2F61C41D52A58B00FDDD47 /* ForumViewController.swift in Sources */,
				8A0DDA5C1D4D9F5E00ECDD76 /* LoginViewController.swift in Sources */,
				8AFFB6D71D64DF19009BCD9C /* DiscussionPostTableViewCell.swift in Sources */,
				8A2F61C61D52A5AF00FDDD47 /* ProfileViewController.swift in Sources */,
				8A2F61C11D52A4B400FDDD47 /* CourseViewController.swift in Sources */,
				8A8B5C341D702DAD00D581DF /* Helpers.swift in Sources */,
				8A0DDA5A1D4D9F5E00ECDD76 /* AppDelegate.swift in Sources */,
			);
			runOnlyForDeploymentPostprocessing = 0;
		};
		8A0DDA691D4D9F5E00ECDD76 /* Sources */ = {
			isa = PBXSourcesBuildPhase;
			buildActionMask = 2147483647;
			files = (
				8A0DDA721D4D9F5E00ECDD76 /* OurVLETests.swift in Sources */,
			);
			runOnlyForDeploymentPostprocessing = 0;
		};
		8A0DDA741D4D9F5E00ECDD76 /* Sources */ = {
			isa = PBXSourcesBuildPhase;
			buildActionMask = 2147483647;
			files = (
				8A0DDA7D1D4D9F5E00ECDD76 /* OurVLEUITests.swift in Sources */,
			);
			runOnlyForDeploymentPostprocessing = 0;
		};
/* End PBXSourcesBuildPhase section */

/* Begin PBXTargetDependency section */
		8A0DDA6F1D4D9F5E00ECDD76 /* PBXTargetDependency */ = {
			isa = PBXTargetDependency;
			target = 8A0DDA551D4D9F5D00ECDD76 /* OurVLE */;
			targetProxy = 8A0DDA6E1D4D9F5E00ECDD76 /* PBXContainerItemProxy */;
		};
		8A0DDA7A1D4D9F5E00ECDD76 /* PBXTargetDependency */ = {
			isa = PBXTargetDependency;
			target = 8A0DDA551D4D9F5D00ECDD76 /* OurVLE */;
			targetProxy = 8A0DDA791D4D9F5E00ECDD76 /* PBXContainerItemProxy */;
		};
/* End PBXTargetDependency section */

/* Begin PBXVariantGroup section */
		8A0DDA5D1D4D9F5E00ECDD76 /* Main.storyboard */ = {
			isa = PBXVariantGroup;
			children = (
				8A0DDA5E1D4D9F5E00ECDD76 /* Base */,
			);
			name = Main.storyboard;
			sourceTree = "<group>";
		};
		8A0DDA651D4D9F5E00ECDD76 /* LaunchScreen.storyboard */ = {
			isa = PBXVariantGroup;
			children = (
				8A0DDA661D4D9F5E00ECDD76 /* Base */,
			);
			name = LaunchScreen.storyboard;
			sourceTree = "<group>";
		};
/* End PBXVariantGroup section */

/* Begin XCBuildConfiguration section */
		8A0DDA7F1D4D9F5E00ECDD76 /* Debug */ = {
			isa = XCBuildConfiguration;
			buildSettings = {
				ALWAYS_SEARCH_USER_PATHS = NO;
				CLANG_ANALYZER_NONNULL = YES;
				CLANG_CXX_LANGUAGE_STANDARD = "gnu++0x";
				CLANG_CXX_LIBRARY = "libc++";
				CLANG_ENABLE_MODULES = YES;
				CLANG_ENABLE_OBJC_ARC = YES;
				CLANG_WARN_BOOL_CONVERSION = YES;
				CLANG_WARN_CONSTANT_CONVERSION = YES;
				CLANG_WARN_DIRECT_OBJC_ISA_USAGE = YES_ERROR;
				CLANG_WARN_EMPTY_BODY = YES;
				CLANG_WARN_ENUM_CONVERSION = YES;
				CLANG_WARN_INT_CONVERSION = YES;
				CLANG_WARN_OBJC_ROOT_CLASS = YES_ERROR;
				CLANG_WARN_UNREACHABLE_CODE = YES;
				CLANG_WARN__DUPLICATE_METHOD_MATCH = YES;
				"CODE_SIGN_IDENTITY[sdk=iphoneos*]" = "iPhone Developer";
				COPY_PHASE_STRIP = NO;
				DEBUG_INFORMATION_FORMAT = dwarf;
				ENABLE_BITCODE = NO;
				ENABLE_STRICT_OBJC_MSGSEND = YES;
				ENABLE_TESTABILITY = YES;
				GCC_C_LANGUAGE_STANDARD = gnu99;
				GCC_DYNAMIC_NO_PIC = NO;
				GCC_NO_COMMON_BLOCKS = YES;
				GCC_OPTIMIZATION_LEVEL = 0;
				GCC_PREPROCESSOR_DEFINITIONS = (
					"DEBUG=1",
					"$(inherited)",
				);
				GCC_WARN_64_TO_32_BIT_CONVERSION = YES;
				GCC_WARN_ABOUT_RETURN_TYPE = YES_ERROR;
				GCC_WARN_UNDECLARED_SELECTOR = YES;
				GCC_WARN_UNINITIALIZED_AUTOS = YES_AGGRESSIVE;
				GCC_WARN_UNUSED_FUNCTION = YES;
				GCC_WARN_UNUSED_VARIABLE = YES;
				IPHONEOS_DEPLOYMENT_TARGET = 9.3;
				MTL_ENABLE_DEBUG_INFO = YES;
				ONLY_ACTIVE_ARCH = YES;
				SDKROOT = iphoneos;
				SWIFT_OPTIMIZATION_LEVEL = "-Onone";
				TARGETED_DEVICE_FAMILY = "1,2";
			};
			name = Debug;
		};
		8A0DDA801D4D9F5E00ECDD76 /* Release */ = {
			isa = XCBuildConfiguration;
			buildSettings = {
				ALWAYS_SEARCH_USER_PATHS = NO;
				CLANG_ANALYZER_NONNULL = YES;
				CLANG_CXX_LANGUAGE_STANDARD = "gnu++0x";
				CLANG_CXX_LIBRARY = "libc++";
				CLANG_ENABLE_MODULES = YES;
				CLANG_ENABLE_OBJC_ARC = YES;
				CLANG_WARN_BOOL_CONVERSION = YES;
				CLANG_WARN_CONSTANT_CONVERSION = YES;
				CLANG_WARN_DIRECT_OBJC_ISA_USAGE = YES_ERROR;
				CLANG_WARN_EMPTY_BODY = YES;
				CLANG_WARN_ENUM_CONVERSION = YES;
				CLANG_WARN_INT_CONVERSION = YES;
				CLANG_WARN_OBJC_ROOT_CLASS = YES_ERROR;
				CLANG_WARN_UNREACHABLE_CODE = YES;
				CLANG_WARN__DUPLICATE_METHOD_MATCH = YES;
				"CODE_SIGN_IDENTITY[sdk=iphoneos*]" = "iPhone Developer";
				COPY_PHASE_STRIP = NO;
				DEBUG_INFORMATION_FORMAT = "dwarf-with-dsym";
				ENABLE_BITCODE = NO;
				ENABLE_NS_ASSERTIONS = NO;
				ENABLE_STRICT_OBJC_MSGSEND = YES;
				GCC_C_LANGUAGE_STANDARD = gnu99;
				GCC_NO_COMMON_BLOCKS = YES;
				GCC_WARN_64_TO_32_BIT_CONVERSION = YES;
				GCC_WARN_ABOUT_RETURN_TYPE = YES_ERROR;
				GCC_WARN_UNDECLARED_SELECTOR = YES;
				GCC_WARN_UNINITIALIZED_AUTOS = YES_AGGRESSIVE;
				GCC_WARN_UNUSED_FUNCTION = YES;
				GCC_WARN_UNUSED_VARIABLE = YES;
				IPHONEOS_DEPLOYMENT_TARGET = 9.3;
				MTL_ENABLE_DEBUG_INFO = NO;
				SDKROOT = iphoneos;
				TARGETED_DEVICE_FAMILY = "1,2";
				VALIDATE_PRODUCT = YES;
			};
			name = Release;
		};
		8A0DDA821D4D9F5E00ECDD76 /* Debug */ = {
			isa = XCBuildConfiguration;
			baseConfigurationReference = B4432F340BB63F4447F6BCAF /* Pods-OurVLE.debug.xcconfig */;
			buildSettings = {
				ASSETCATALOG_COMPILER_APPICON_NAME = AppIcon;
				CODE_SIGN_IDENTITY = "iPhone Developer";
				"CODE_SIGN_IDENTITY[sdk=iphoneos*]" = "iPhone Developer";
				INFOPLIST_FILE = OurVLE/Info.plist;
				LD_RUNPATH_SEARCH_PATHS = "$(inherited) @executable_path/Frameworks";
				PRODUCT_BUNDLE_IDENTIFIER = com.javon.OurVLE;
				PRODUCT_NAME = "$(TARGET_NAME)";
				PROVISIONING_PROFILE = "";
			};
			name = Debug;
		};
		8A0DDA831D4D9F5E00ECDD76 /* Release */ = {
			isa = XCBuildConfiguration;
			baseConfigurationReference = 94C44487E5DB1EBD42CCA5F6 /* Pods-OurVLE.release.xcconfig */;
			buildSettings = {
				ASSETCATALOG_COMPILER_APPICON_NAME = AppIcon;
				CODE_SIGN_IDENTITY = "iPhone Developer";
				"CODE_SIGN_IDENTITY[sdk=iphoneos*]" = "iPhone Developer";
				INFOPLIST_FILE = OurVLE/Info.plist;
				LD_RUNPATH_SEARCH_PATHS = "$(inherited) @executable_path/Frameworks";
				PRODUCT_BUNDLE_IDENTIFIER = com.javon.OurVLE;
				PRODUCT_NAME = "$(TARGET_NAME)";
				PROVISIONING_PROFILE = "";
			};
			name = Release;
		};
		8A0DDA851D4D9F5E00ECDD76 /* Debug */ = {
			isa = XCBuildConfiguration;
			baseConfigurationReference = 64E664A03FA25E5195394B17 /* Pods-OurVLETests.debug.xcconfig */;
			buildSettings = {
				BUNDLE_LOADER = "$(TEST_HOST)";
				INFOPLIST_FILE = OurVLETests/Info.plist;
				LD_RUNPATH_SEARCH_PATHS = "$(inherited) @executable_path/Frameworks @loader_path/Frameworks";
				PRODUCT_BUNDLE_IDENTIFIER = com.javon.OurVLETests;
				PRODUCT_NAME = "$(TARGET_NAME)";
				TEST_HOST = "$(BUILT_PRODUCTS_DIR)/OurVLE.app/OurVLE";
			};
			name = Debug;
		};
		8A0DDA861D4D9F5E00ECDD76 /* Release */ = {
			isa = XCBuildConfiguration;
			baseConfigurationReference = 9DE1F035584812A900880F0C /* Pods-OurVLETests.release.xcconfig */;
			buildSettings = {
				BUNDLE_LOADER = "$(TEST_HOST)";
				INFOPLIST_FILE = OurVLETests/Info.plist;
				LD_RUNPATH_SEARCH_PATHS = "$(inherited) @executable_path/Frameworks @loader_path/Frameworks";
				PRODUCT_BUNDLE_IDENTIFIER = com.javon.OurVLETests;
				PRODUCT_NAME = "$(TARGET_NAME)";
				TEST_HOST = "$(BUILT_PRODUCTS_DIR)/OurVLE.app/OurVLE";
			};
			name = Release;
		};
		8A0DDA881D4D9F5E00ECDD76 /* Debug */ = {
			isa = XCBuildConfiguration;
			baseConfigurationReference = 4E3693A34804B0EC741E63C6 /* Pods-OurVLEUITests.debug.xcconfig */;
			buildSettings = {
				INFOPLIST_FILE = OurVLEUITests/Info.plist;
				LD_RUNPATH_SEARCH_PATHS = "$(inherited) @executable_path/Frameworks @loader_path/Frameworks";
				PRODUCT_BUNDLE_IDENTIFIER = com.javon.OurVLEUITests;
				PRODUCT_NAME = "$(TARGET_NAME)";
				TEST_TARGET_NAME = OurVLE;
			};
			name = Debug;
		};
		8A0DDA891D4D9F5E00ECDD76 /* Release */ = {
			isa = XCBuildConfiguration;
			baseConfigurationReference = CED6D9DA7CDC3FA4F82CFCDF /* Pods-OurVLEUITests.release.xcconfig */;
			buildSettings = {
				INFOPLIST_FILE = OurVLEUITests/Info.plist;
				LD_RUNPATH_SEARCH_PATHS = "$(inherited) @executable_path/Frameworks @loader_path/Frameworks";
				PRODUCT_BUNDLE_IDENTIFIER = com.javon.OurVLEUITests;
				PRODUCT_NAME = "$(TARGET_NAME)";
				TEST_TARGET_NAME = OurVLE;
			};
			name = Release;
		};
/* End XCBuildConfiguration section */

/* Begin XCConfigurationList section */
		8A0DDA511D4D9F5D00ECDD76 /* Build configuration list for PBXProject "OurVLE" */ = {
			isa = XCConfigurationList;
			buildConfigurations = (
				8A0DDA7F1D4D9F5E00ECDD76 /* Debug */,
				8A0DDA801D4D9F5E00ECDD76 /* Release */,
			);
			defaultConfigurationIsVisible = 0;
			defaultConfigurationName = Release;
		};
		8A0DDA811D4D9F5E00ECDD76 /* Build configuration list for PBXNativeTarget "OurVLE" */ = {
			isa = XCConfigurationList;
			buildConfigurations = (
				8A0DDA821D4D9F5E00ECDD76 /* Debug */,
				8A0DDA831D4D9F5E00ECDD76 /* Release */,
			);
			defaultConfigurationIsVisible = 0;
			defaultConfigurationName = Release;
		};
		8A0DDA841D4D9F5E00ECDD76 /* Build configuration list for PBXNativeTarget "OurVLETests" */ = {
			isa = XCConfigurationList;
			buildConfigurations = (
				8A0DDA851D4D9F5E00ECDD76 /* Debug */,
				8A0DDA861D4D9F5E00ECDD76 /* Release */,
			);
			defaultConfigurationIsVisible = 0;
			defaultConfigurationName = Release;
		};
		8A0DDA871D4D9F5E00ECDD76 /* Build configuration list for PBXNativeTarget "OurVLEUITests" */ = {
			isa = XCConfigurationList;
			buildConfigurations = (
				8A0DDA881D4D9F5E00ECDD76 /* Debug */,
				8A0DDA891D4D9F5E00ECDD76 /* Release */,
			);
			defaultConfigurationIsVisible = 0;
			defaultConfigurationName = Release;
		};
/* End XCConfigurationList section */

/* Begin XCVersionGroup section */
		8A0DDA601D4D9F5E00ECDD76 /* OurVLE.xcdatamodeld */ = {
			isa = XCVersionGroup;
			children = (
				8A0DDA611D4D9F5E00ECDD76 /* OurVLE.xcdatamodel */,
			);
			currentVersion = 8A0DDA611D4D9F5E00ECDD76 /* OurVLE.xcdatamodel */;
			path = OurVLE.xcdatamodeld;
			sourceTree = "<group>";
			versionGroupType = wrapper.xcdatamodel;
		};
/* End XCVersionGroup section */
	};
	rootObject = 8A0DDA4E1D4D9F5D00ECDD76 /* Project object */;
}
